
Microsoft Visual Studio Solution File, Format Version 12.00
# Visual Studio Version 17
VisualStudioVersion = 17.10.35027.167
MinimumVisualStudioVersion = 10.0.40219.1
Project("{9A19103F-16F7-4668-BE54-9A1E7A4F7556}") = "K8S.DriverAPI", "K8S.DriverAPI\K8S.DriverAPI.csproj", "{C0708DEE-28CB-4778-951C-B9DC3DAE9972}"
EndProject
Global
	GlobalSection(SolutionConfigurationPlatforms) = preSolution
		Debug|Any CPU = Debug|Any CPU
		Release|Any CPU = Release|Any CPU
	EndGlobalSection
	GlobalSection(ProjectConfigurationPlatforms) = postSolution
		{C0708DEE-28CB-4778-951C-B9DC3DAE9972}.Debug|Any CPU.ActiveCfg = Debug|Any CPU
		{C0708DEE-28CB-4778-951C-B9DC3DAE9972}.Debug|Any CPU.Build.0 = Debug|Any CPU
		{C0708DEE-28CB-4778-951C-B9DC3DAE9972}.Release|Any CPU.ActiveCfg = Release|Any CPU
		{C0708DEE-28CB-4778-951C-B9DC3DAE9972}.Release|Any CPU.Build.0 = Release|Any CPU
	EndGlobalSection
	GlobalSection(SolutionProperties) = preSolution
		HideSolutionNode = FALSE
	EndGlobalSection
	GlobalSection(ExtensibilityGlobals) = postSolution
		SolutionGuid = {D405B6BE-3265-4FA4-8A32-02021515444D}
	EndGlobalSection
EndGlobal
